# This file is automatically @generated by Poetry 2.2.1 and should not be changed by hand.

[[package]]
name = "yt-dlp"
version = "2026.3.17"
description = "A feature-rich command-line audio/video downloader"
optional = false
python-versions = ">=3.10"
groups = ["main"]
files = [
    {file = "yt_dlp-2026.3.17-py3-none-any.whl", hash = "sha256:32992db94303a8a5d211a183f2174834fe7f8c29d83ed2e7a324eae97a8f26d8"},
    {file = "yt_dlp-2026.3.17.tar.gz", hash = "sha256:ba7aa31d533f1ffccfe70e421596d7ca8ff0bf1398dc6bb658b7d9dec057d2c9"},
]

[package.extras]
build = ["build", "hatchling (>=1.27.0)", "pip", "setuptools (>=71.0.2)", "wheel"]
build-curl-cffi = ["curl-cffi (==0.13.0) ; sys_platform == \"darwin\" or sys_platform == \"linux\" and platform_machine != \"armv7l\"", "curl-cffi (==0.14.0) ; sys_platform == \"win32\" or sys_platform == \"linux\" and platform_machine == \"armv7l\""]
curl-cffi = ["curl-cffi (>=0.5.10,<0.6.dev0 || >=0.10.dev0,<0.15) ; implementation_name == \"cpython\""]
default = ["brotli ; implementation_name == \"cpython\"", "brotlicffi ; implementation_name != \"cpython\"", "certifi", "mutagen", "pycryptodomex", "requests (>=2.32.2,<3)", "urllib3 (>=2.0.2,<3)", "websockets (>=13.0)", "yt-dlp-ejs (==0.8.0)"]
deno = ["deno (>=2.6.6)"]
dev = ["autopep8 (>=2.0,<3.0)", "pre-commit", "pytest (>=8.1,<9.0)", "pytest-rerunfailures (>=14.0,<15.0)", "ruff (>=0.15.0,<0.16.0)"]
pyinstaller = ["pyinstaller (>=6.17.0)"]
secretstorage = ["cffi", "secretstorage"]
static-analysis = ["autopep8 (>=2.0,<3.0)", "ruff (>=0.15.0,<0.16.0)"]
test = ["pytest (>=8.1,<9.0)", "pytest-rerunfailures (>=14.0,<15.0)"]

[metadata]
lock-version = "2.1"
python-versions = ">=3.12,<3.13"
content-hash = "9019c87f14d2598c8a1f4f2ceb31de636ff26e719ff2d0d0c1676f4570b6b53d"
